
Microsoft Visual Studio Solution File, Format Version 12.00
# Visual Studio Version 17
VisualStudioVersion = 17.13.35828.75
MinimumVisualStudioVersion = 10.0.40219.1
Project("{9A19103F-16F7-4668-BE54-9A1E7A4F7556}") = "WASMLibrary", "WASMLibrary\WASMLibrary.csproj", "{C88EFCF9-5297-4AA5-8FB7-0B4528932100}"
EndProject
Project("{9A19103F-16F7-4668-BE54-9A1E7A4F7556}") = "LibraryAPI", "..\LibraryAPI\LibraryAPI\LibraryAPI.csproj", "{4F8C328D-D282-45C5-BA74-1DFAC9B085C4}"
EndProject
Project("{FAE04EC0-301F-11D3-BF4B-00C04F79EFBC}") = "WASMLibrary.Client.Test", "WASMLibrary.Client.Test\WASMLibrary.Client.Test.csproj", "{2AC725FF-B1E8-42F6-8845-711D4E9F01F4}"
EndProject
Global
	GlobalSection(SolutionConfigurationPlatforms) = preSolution
		Debug|Any CPU = Debug|Any CPU
		Release|Any CPU = Release|Any CPU
	EndGlobalSection
	GlobalSection(ProjectConfigurationPlatforms) = postSolution
		{C88EFCF9-5297-4AA5-8FB7-0B4528932100}.Debug|Any CPU.ActiveCfg = Debug|Any CPU
		{C88EFCF9-5297-4AA5-8FB7-0B4528932100}.Debug|Any CPU.Build.0 = Debug|Any CPU
		{C88EFCF9-5297-4AA5-8FB7-0B4528932100}.Release|Any CPU.ActiveCfg = Release|Any CPU
		{C88EFCF9-5297-4AA5-8FB7-0B4528932100}.Release|Any CPU.Build.0 = Release|Any CPU
		{4F8C328D-D282-45C5-BA74-1DFAC9B085C4}.Debug|Any CPU.ActiveCfg = Debug|Any CPU
		{4F8C328D-D282-45C5-BA74-1DFAC9B085C4}.Debug|Any CPU.Build.0 = Debug|Any CPU
		{4F8C328D-D282-45C5-BA74-1DFAC9B085C4}.Release|Any CPU.ActiveCfg = Release|Any CPU
		{4F8C328D-D282-45C5-BA74-1DFAC9B085C4}.Release|Any CPU.Build.0 = Release|Any CPU
		{2AC725FF-B1E8-42F6-8845-711D4E9F01F4}.Debug|Any CPU.ActiveCfg = Debug|Any CPU
		{2AC725FF-B1E8-42F6-8845-711D4E9F01F4}.Debug|Any CPU.Build.0 = Debug|Any CPU
		{2AC725FF-B1E8-42F6-8845-711D4E9F01F4}.Release|Any CPU.ActiveCfg = Release|Any CPU
		{2AC725FF-B1E8-42F6-8845-711D4E9F01F4}.Release|Any CPU.Build.0 = Release|Any CPU
	EndGlobalSection
	GlobalSection(SolutionProperties) = preSolution
		HideSolutionNode = FALSE
	EndGlobalSection
	GlobalSection(ExtensibilityGlobals) = postSolution
		SolutionGuid = {5FAB3625-35F6-4CD3-BEB6-3BB33D7CAB3D}
	EndGlobalSection
EndGlobal
